// !$*UTF8*$!
{
	archiveVersion = 1;
	classes = {
	};
	objectVersion = 46;
	objects = {

/* Begin PBXBuildFile section */
		188208581BFDA17600733298 /* MQNavigationController.m in Sources */ = {isa = PBXBuildFile; fileRef = 188208131BFDA17600733298 /* MQNavigationController.m */; };
		188208591BFDA17600733298 /* MQTabBarViewController.m in Sources */ = {isa = PBXBuildFile; fileRef = 188208151BFDA17600733298 /* MQTabBarViewController.m */; };
		1882085A1BFDA17600733298 /* MQTabBar.m in Sources */ = {isa = PBXBuildFile; fileRef = 188208181BFDA17600733298 /* MQTabBar.m */; };
		1882085B1BFDA17600733298 /* AppDelegate.m in Sources */ = {isa = PBXBuildFile; fileRef = 1882081F1BFDA17600733298 /* AppDelegate.m */; };
		1882085C1BFDA17600733298 /* UIBarButtonItem+MQExtension.m in Sources */ = {isa = PBXBuildFile; fileRef = 188208221BFDA17600733298 /* UIBarButtonItem+MQExtension.m */; };
		1882085D1BFDA17600733298 /* MQHTTPTool.m in Sources */ = {isa = PBXBuildFile; fileRef = 188208241BFDA17600733298 /* MQHTTPTool.m */; };
		1882085E1BFDA17600733298 /* UIView+MQExtension.m in Sources */ = {isa = PBXBuildFile; fileRef = 188208281BFDA17600733298 /* UIView+MQExtension.m */; };
		1882085F1BFDA17600733298 /* ViewController.m in Sources */ = {isa = PBXBuildFile; fileRef = 1882082A1BFDA17600733298 /* ViewController.m */; };
		188208601BFDA17600733298 /* MQPublishViewController.m in Sources */ = {isa = PBXBuildFile; fileRef = 1882083A1BFDA17600733298 /* MQPublishViewController.m */; };
		188208611BFDA17600733298 /* MQPublishViewController.xib in Resources */ = {isa = PBXBuildFile; fileRef = 1882083B1BFDA17600733298 /* MQPublishViewController.xib */; };
		188208621BFDA17600733298 /* 111.jpg in Resources */ = {isa = PBXBuildFile; fileRef = 1882083E1BFDA17600733298 /* 111.jpg */; };
		188208631BFDA17600733298 /* h1.jpg in Resources */ = {isa = PBXBuildFile; fileRef = 1882083F1BFDA17600733298 /* h1.jpg */; };
		188208641BFDA17600733298 /* h2.jpg in Resources */ = {isa = PBXBuildFile; fileRef = 188208401BFDA17600733298 /* h2.jpg */; };
		188208651BFDA17600733298 /* h3.jpg in Resources */ = {isa = PBXBuildFile; fileRef = 188208411BFDA17600733298 /* h3.jpg */; };
		188208661BFDA17600733298 /* h4.jpg in Resources */ = {isa = PBXBuildFile; fileRef = 188208421BFDA17600733298 /* h4.jpg */; };
		188208671BFDA17600733298 /* MQEssenceViewController.m in Sources */ = {isa = PBXBuildFile; fileRef = 188208441BFDA17600733298 /* MQEssenceViewController.m */; };
		188208681BFDA17600733298 /* MQTagViewController.m in Sources */ = {isa = PBXBuildFile; fileRef = 188208461BFDA17600733298 /* MQTagViewController.m */; };
		188208691BFDA17600733298 /* TAAbstractDotView.m in Sources */ = {isa = PBXBuildFile; fileRef = 1882084B1BFDA17600733298 /* TAAbstractDotView.m */; };
		1882086A1BFDA17600733298 /* TAAnimatedDotView.m in Sources */ = {isa = PBXBuildFile; fileRef = 1882084D1BFDA17600733298 /* TAAnimatedDotView.m */; };
		1882086B1BFDA17600733298 /* TADotView.m in Sources */ = {isa = PBXBuildFile; fileRef = 1882084F1BFDA17600733298 /* TADotView.m */; };
		1882086C1BFDA17600733298 /* TAPageControl.m in Sources */ = {isa = PBXBuildFile; fileRef = 188208511BFDA17600733298 /* TAPageControl.m */; };
		1882086D1BFDA17600733298 /* SDCollectionViewCell.m in Sources */ = {isa = PBXBuildFile; fileRef = 188208531BFDA17600733298 /* SDCollectionViewCell.m */; };
		1882086E1BFDA17600733298 /* SDCycleScrollView.m in Sources */ = {isa = PBXBuildFile; fileRef = 188208551BFDA17600733298 /* SDCycleScrollView.m */; };
		1882086F1BFDA17600733298 /* UIView+SDExtension.m in Sources */ = {isa = PBXBuildFile; fileRef = 188208571BFDA17600733298 /* UIView+SDExtension.m */; };
		188208721BFDA1A900733298 /* MQMeViewController.m in Sources */ = {isa = PBXBuildFile; fileRef = 188208711BFDA1A900733298 /* MQMeViewController.m */; };
		18BCD4871BFD7030005D1AB4 /* main.m in Sources */ = {isa = PBXBuildFile; fileRef = 18BCD4861BFD7030005D1AB4 /* main.m */; };
		18BCD4901BFD7030005D1AB4 /* Main.storyboard in Resources */ = {isa = PBXBuildFile; fileRef = 18BCD48E1BFD7030005D1AB4 /* Main.storyboard */; };
		18BCD4931BFD7030005D1AB4 /* BaiSi.xcdatamodeld in Sources */ = {isa = PBXBuildFile; fileRef = 18BCD4911BFD7030005D1AB4 /* BaiSi.xcdatamodeld */; };
		18BCD4951BFD7030005D1AB4 /* Assets.xcassets in Resources */ = {isa = PBXBuildFile; fileRef = 18BCD4941BFD7030005D1AB4 /* Assets.xcassets */; };
		18BCD4981BFD7030005D1AB4 /* LaunchScreen.storyboard in Resources */ = {isa = PBXBuildFile; fileRef = 18BCD4961BFD7030005D1AB4 /* LaunchScreen.storyboard */; };
		18BCD4A31BFD7030005D1AB4 /* BaiSiTests.m in Sources */ = {isa = PBXBuildFile; fileRef = 18BCD4A21BFD7030005D1AB4 /* BaiSiTests.m */; };
		18BCD4AE1BFD7031005D1AB4 /* BaiSiUITests.m in Sources */ = {isa = PBXBuildFile; fileRef = 18BCD4AD1BFD7031005D1AB4 /* BaiSiUITests.m */; };
		47CAD7328DF58FE2F9AEF026 /* libPods.a in Frameworks */ = {isa = PBXBuildFile; fileRef = 6528FD53A6C3806C17BD08E4 /* libPods.a */; };
/* End PBXBuildFile section */

/* Begin PBXContainerItemProxy section */
		18BCD49F1BFD7030005D1AB4 /* PBXContainerItemProxy */ = {
			isa = PBXContainerItemProxy;
			containerPortal = 18BCD47A1BFD7030005D1AB4 /* Project object */;
			proxyType = 1;
			remoteGlobalIDString = 18BCD4811BFD7030005D1AB4;
			remoteInfo = BaiSi;
		};
		18BCD4AA1BFD7031005D1AB4 /* PBXContainerItemProxy */ = {
			isa = PBXContainerItemProxy;
			containerPortal = 18BCD47A1BFD7030005D1AB4 /* Project object */;
			proxyType = 1;
			remoteGlobalIDString = 18BCD4811BFD7030005D1AB4;
			remoteInfo = BaiSi;
		};
/* End PBXContainerItemProxy section */

/* Begin PBXFileReference section */
		188208121BFDA17600733298 /* MQNavigationController.h */ = {isa = PBXFileReference; fileEncoding = 4; lastKnownFileType = sourcecode.c.h; path = MQNavigationController.h; sourceTree = "<group>"; };
		188208131BFDA17600733298 /* MQNavigationController.m */ = {isa = PBXFileReference; fileEncoding = 4; lastKnownFileType = sourcecode.c.objc; path = MQNavigationController.m; sourceTree = "<group>"; };
		188208141BFDA17600733298 /* MQTabBarViewController.h */ = {isa = PBXFileReference; fileEncoding = 4; lastKnownFileType = sourcecode.c.h; path = MQTabBarViewController.h; sourceTree = "<group>"; };
		188208151BFDA17600733298 /* MQTabBarViewController.m */ = {isa = PBXFileReference; fileEncoding = 4; lastKnownFileType = sourcecode.c.objc; path = MQTabBarViewController.m; sourceTree = "<group>"; };
		188208171BFDA17600733298 /* MQTabBar.h */ = {isa = PBXFileReference; fileEncoding = 4; lastKnownFileType = sourcecode.c.h; path = MQTabBar.h; sourceTree = "<group>"; };
		188208181BFDA17600733298 /* MQTabBar.m */ = {isa = PBXFileReference; fileEncoding = 4; lastKnownFileType = sourcecode.c.objc; path = MQTabBar.m; sourceTree = "<group>"; };
		1882081E1BFDA17600733298 /* AppDelegate.h */ = {isa = PBXFileReference; fileEncoding = 4; lastKnownFileType = sourcecode.c.h; path = AppDelegate.h; sourceTree = "<group>"; };
		1882081F1BFDA17600733298 /* AppDelegate.m */ = {isa = PBXFileReference; fileEncoding = 4; lastKnownFileType = sourcecode.c.objc; path = AppDelegate.m; sourceTree = "<group>"; };
		188208211BFDA17600733298 /* UIBarButtonItem+MQExtension.h */ = {isa = PBXFileReference; fileEncoding = 4; lastKnownFileType = sourcecode.c.h; path = "UIBarButtonItem+MQExtension.h"; sourceTree = "<group>"; };
		188208221BFDA17600733298 /* UIBarButtonItem+MQExtension.m */ = {isa = PBXFileReference; fileEncoding = 4; lastKnownFileType = sourcecode.c.objc; path = "UIBarButtonItem+MQExtension.m"; sourceTree = "<group>"; };
		188208231BFDA17600733298 /* MQHTTPTool.h */ = {isa = PBXFileReference; fileEncoding = 4; lastKnownFileType = sourcecode.c.h; path = MQHTTPTool.h; sourceTree = "<group>"; };
		188208241BFDA17600733298 /* MQHTTPTool.m */ = {isa = PBXFileReference; fileEncoding = 4; lastKnownFileType = sourcecode.c.objc; path = MQHTTPTool.m; sourceTree = "<group>"; };
		188208251BFDA17600733298 /* PrefixHeader.pch */ = {isa = PBXFileReference; fileEncoding = 4; lastKnownFileType = sourcecode.c.h; path = PrefixHeader.pch; sourceTree = "<group>"; };
		188208271BFDA17600733298 /* UIView+MQExtension.h */ = {isa = PBXFileReference; fileEncoding = 4; lastKnownFileType = sourcecode.c.h; path = "UIView+MQExtension.h"; sourceTree = "<group>"; };
		188208281BFDA17600733298 /* UIView+MQExtension.m */ = {isa = PBXFileReference; fileEncoding = 4; lastKnownFileType = sourcecode.c.objc; path = "UIView+MQExtension.m"; sourceTree = "<group>"; };
		188208291BFDA17600733298 /* ViewController.h */ = {isa = PBXFileReference; fileEncoding = 4; lastKnownFileType = sourcecode.c.h; path = ViewController.h; sourceTree = "<group>"; };
		1882082A1BFDA17600733298 /* ViewController.m */ = {isa = PBXFileReference; fileEncoding = 4; lastKnownFileType = sourcecode.c.objc; path = ViewController.m; sourceTree = "<group>"; };
		188208391BFDA17600733298 /* MQPublishViewController.h */ = {isa = PBXFileReference; fileEncoding = 4; lastKnownFileType = sourcecode.c.h; path = MQPublishViewController.h; sourceTree = "<group>"; };
		1882083A1BFDA17600733298 /* MQPublishViewController.m */ = {isa = PBXFileReference; fileEncoding = 4; lastKnownFileType = sourcecode.c.objc; path = MQPublishViewController.m; sourceTree = "<group>"; };
		1882083B1BFDA17600733298 /* MQPublishViewController.xib */ = {isa = PBXFileReference; fileEncoding = 4; lastKnownFileType = file.xib; path = MQPublishViewController.xib; sourceTree = "<group>"; };
		1882083E1BFDA17600733298 /* 111.jpg */ = {isa = PBXFileReference; lastKnownFileType = image.jpeg; path = 111.jpg; sourceTree = "<group>"; };
		1882083F1BFDA17600733298 /* h1.jpg */ = {isa = PBXFileReference; lastKnownFileType = image.jpeg; path = h1.jpg; sourceTree = "<group>"; };
		188208401BFDA17600733298 /* h2.jpg */ = {isa = PBXFileReference; lastKnownFileType = image.jpeg; path = h2.jpg; sourceTree = "<group>"; };
		188208411BFDA17600733298 /* h3.jpg */ = {isa = PBXFileReference; lastKnownFileType = image.jpeg; path = h3.jpg; sourceTree = "<group>"; };
		188208421BFDA17600733298 /* h4.jpg */ = {isa = PBXFileReference; lastKnownFileType = image.jpeg; path = h4.jpg; sourceTree = "<group>"; };
		188208431BFDA17600733298 /* MQEssenceViewController.h */ = {isa = PBXFileReference; fileEncoding = 4; lastKnownFileType = sourcecode.c.h; path = MQEssenceViewController.h; sourceTree = "<group>"; };
		188208441BFDA17600733298 /* MQEssenceViewController.m */ = {isa = PBXFileReference; fileEncoding = 4; lastKnownFileType = sourcecode.c.objc; path = MQEssenceViewController.m; sourceTree = "<group>"; };
		188208451BFDA17600733298 /* MQTagViewController.h */ = {isa = PBXFileReference; fileEncoding = 4; lastKnownFileType = sourcecode.c.h; path = MQTagViewController.h; sourceTree = "<group>"; };
		188208461BFDA17600733298 /* MQTagViewController.m */ = {isa = PBXFileReference; fileEncoding = 4; lastKnownFileType = sourcecode.c.objc; path = MQTagViewController.m; sourceTree = "<group>"; };
		1882084A1BFDA17600733298 /* TAAbstractDotView.h */ = {isa = PBXFileReference; fileEncoding = 4; lastKnownFileType = sourcecode.c.h; path = TAAbstractDotView.h; sourceTree = "<group>"; };
		1882084B1BFDA17600733298 /* TAAbstractDotView.m */ = {isa = PBXFileReference; fileEncoding = 4; lastKnownFileType = sourcecode.c.objc; path = TAAbstractDotView.m; sourceTree = "<group>"; };
		1882084C1BFDA17600733298 /* TAAnimatedDotView.h */ = {isa = PBXFileReference; fileEncoding = 4; lastKnownFileType = sourcecode.c.h; path = TAAnimatedDotView.h; sourceTree = "<group>"; };
		1882084D1BFDA17600733298 /* TAAnimatedDotView.m */ = {isa = PBXFileReference; fileEncoding = 4; lastKnownFileType = sourcecode.c.objc; path = TAAnimatedDotView.m; sourceTree = "<group>"; };
		1882084E1BFDA17600733298 /* TADotView.h */ = {isa = PBXFileReference; fileEncoding = 4; lastKnownFileType = sourcecode.c.h; path = TADotView.h; sourceTree = "<group>"; };
		1882084F1BFDA17600733298 /* TADotView.m */ = {isa = PBXFileReference; fileEncoding = 4; lastKnownFileType = sourcecode.c.objc; path = TADotView.m; sourceTree = "<group>"; };
		188208501BFDA17600733298 /* TAPageControl.h */ = {isa = PBXFileReference; fileEncoding = 4; lastKnownFileType = sourcecode.c.h; path = TAPageControl.h; sourceTree = "<group>"; };
		188208511BFDA17600733298 /* TAPageControl.m */ = {isa = PBXFileReference; fileEncoding = 4; lastKnownFileType = sourcecode.c.objc; path = TAPageControl.m; sourceTree = "<group>"; };
		188208521BFDA17600733298 /* SDCollectionViewCell.h */ = {isa = PBXFileReference; fileEncoding = 4; lastKnownFileType = sourcecode.c.h; path = SDCollectionViewCell.h; sourceTree = "<group>"; };
		188208531BFDA17600733298 /* SDCollectionViewCell.m */ = {isa = PBXFileReference; fileEncoding = 4; lastKnownFileType = sourcecode.c.objc; path = SDCollectionViewCell.m; sourceTree = "<group>"; };
		188208541BFDA17600733298 /* SDCycleScrollView.h */ = {isa = PBXFileReference; fileEncoding = 4; lastKnownFileType = sourcecode.c.h; path = SDCycleScrollView.h; sourceTree = "<group>"; };
		188208551BFDA17600733298 /* SDCycleScrollView.m */ = {isa = PBXFileReference; fileEncoding = 4; lastKnownFileType = sourcecode.c.objc; path = SDCycleScrollView.m; sourceTree = "<group>"; };
		188208561BFDA17600733298 /* UIView+SDExtension.h */ = {isa = PBXFileReference; fileEncoding = 4; lastKnownFileType = sourcecode.c.h; path = "UIView+SDExtension.h"; sourceTree = "<group>"; };
		188208571BFDA17600733298 /* UIView+SDExtension.m */ = {isa = PBXFileReference; fileEncoding = 4; lastKnownFileType = sourcecode.c.objc; path = "UIView+SDExtension.m"; sourceTree = "<group>"; };
		188208701BFDA1A900733298 /* MQMeViewController.h */ = {isa = PBXFileReference; fileEncoding = 4; lastKnownFileType = sourcecode.c.h; path = MQMeViewController.h; sourceTree = "<group>"; };
		188208711BFDA1A900733298 /* MQMeViewController.m */ = {isa = PBXFileReference; fileEncoding = 4; lastKnownFileType = sourcecode.c.objc; path = MQMeViewController.m; sourceTree = "<group>"; };
		18BCD4821BFD7030005D1AB4 /* BaiSi.app */ = {isa = PBXFileReference; explicitFileType = wrapper.application; includeInIndex = 0; path = BaiSi.app; sourceTree = BUILT_PRODUCTS_DIR; };
		18BCD4861BFD7030005D1AB4 /* main.m */ = {isa = PBXFileReference; lastKnownFileType = sourcecode.c.objc; path = main.m; sourceTree = "<group>"; };
		18BCD48F1BFD7030005D1AB4 /* Base */ = {isa = PBXFileReference; lastKnownFileType = file.storyboard; name = Base; path = Base.lproj/Main.storyboard; sourceTree = "<group>"; };
		18BCD4921BFD7030005D1AB4 /* BaiSi.xcdatamodel */ = {isa = PBXFileReference; lastKnownFileType = wrapper.xcdatamodel; path = BaiSi.xcdatamodel; sourceTree = "<group>"; };
		18BCD4941BFD7030005D1AB4 /* Assets.xcassets */ = {isa = PBXFileReference; lastKnownFileType = folder.assetcatalog; path = Assets.xcassets; sourceTree = "<group>"; };
		18BCD4971BFD7030005D1AB4 /* Base */ = {isa = PBXFileReference; lastKnownFileType = file.storyboard; name = Base; path = Base.lproj/LaunchScreen.storyboard; sourceTree = "<group>"; };
		18BCD4991BFD7030005D1AB4 /* Info.plist */ = {isa = PBXFileReference; lastKnownFileType = text.plist.xml; path = Info.plist; sourceTree = "<group>"; };
		18BCD49E1BFD7030005D1AB4 /* BaiSiTests.xctest */ = {isa = PBXFileReference; explicitFileType = wrapper.cfbundle; includeInIndex = 0; path = BaiSiTests.xctest; sourceTree = BUILT_PRODUCTS_DIR; };
		18BCD4A21BFD7030005D1AB4 /* BaiSiTests.m */ = {isa = PBXFileReference; lastKnownFileType = sourcecode.c.objc; path = BaiSiTests.m; sourceTree = "<group>"; };
		18BCD4A41BFD7031005D1AB4 /* Info.plist */ = {isa = PBXFileReference; lastKnownFileType = text.plist.xml; path = Info.plist; sourceTree = "<group>"; };
		18BCD4A91BFD7031005D1AB4 /* BaiSiUITests.xctest */ = {isa = PBXFileReference; explicitFileType = wrapper.cfbundle; includeInIndex = 0; path = BaiSiUITests.xctest; sourceTree = BUILT_PRODUCTS_DIR; };
		18BCD4AD1BFD7031005D1AB4 /* BaiSiUITests.m */ = {isa = PBXFileReference; lastKnownFileType = sourcecode.c.objc; path = BaiSiUITests.m; sourceTree = "<group>"; };
		18BCD4AF1BFD7031005D1AB4 /* Info.plist */ = {isa = PBXFileReference; lastKnownFileType = text.plist.xml; path = Info.plist; sourceTree = "<group>"; };
		4523C73A19CE4ABF4CFAF2F9 /* Pods.debug.xcconfig */ = {isa = PBXFileReference; includeInIndex = 1; lastKnownFileType = text.xcconfig; name = Pods.debug.xcconfig; path = "Pods/Target Support Files/Pods/Pods.debug.xcconfig"; sourceTree = "<group>"; };
		5E64456CEDFFF009C33D860D /* Pods.release.xcconfig */ = {isa = PBXFileReference; includeInIndex = 1; lastKnownFileType = text.xcconfig; name = Pods.release.xcconfig; path = "Pods/Target Support Files/Pods/Pods.release.xcconfig"; sourceTree = "<group>"; };
		6528FD53A6C3806C17BD08E4 /* libPods.a */ = {isa = PBXFileReference; explicitFileType = archive.ar; includeInIndex = 0; path = libPods.a; sourceTree = BUILT_PRODUCTS_DIR; };
/* End PBXFileReference section */

/* Begin PBXFrameworksBuildPhase section */
		18BCD47F1BFD7030005D1AB4 /* Frameworks */ = {
			isa = PBXFrameworksBuildPhase;
			buildActionMask = 2147483647;
			files = (
				47CAD7328DF58FE2F9AEF026 /* libPods.a in Frameworks */,
			);
			runOnlyForDeploymentPostprocessing = 0;
		};
		18BCD49B1BFD7030005D1AB4 /* Frameworks */ = {
			isa = PBXFrameworksBuildPhase;
			buildActionMask = 2147483647;
			files = (
			);
			runOnlyForDeploymentPostprocessing = 0;
		};
		18BCD4A61BFD7031005D1AB4 /* Frameworks */ = {
			isa = PBXFrameworksBuildPhase;
			buildActionMask = 2147483647;
			files = (
			);
			runOnlyForDeploymentPostprocessing = 0;
		};
/* End PBXFrameworksBuildPhase section */

/* Begin PBXGroup section */
		1882080F1BFDA17600733298 /* Classes */ = {
			isa = PBXGroup;
			children = (
				188208101BFDA17600733298 /* Main */,
				188208191BFDA17600733298 /* Me_我 */,
				1882081D1BFDA17600733298 /* Other */,
				1882082B1BFDA17600733298 /* Test */,
				1882082F1BFDA17600733298 /* 关注 */,
				188208331BFDA17600733298 /* 历史 */,
				188208371BFDA17600733298 /* 发布 */,
				1882083C1BFDA17600733298 /* 精华 */,
			);
			path = Classes;
			sourceTree = "<group>";
		};
		188208101BFDA17600733298 /* Main */ = {
			isa = PBXGroup;
			children = (
				188208111BFDA17600733298 /* Controller */,
				188208161BFDA17600733298 /* View */,
			);
			path = Main;
			sourceTree = "<group>";
		};
		188208111BFDA17600733298 /* Controller */ = {
			isa = PBXGroup;
			children = (
				188208121BFDA17600733298 /* MQNavigationController.h */,
				188208131BFDA17600733298 /* MQNavigationController.m */,
				188208141BFDA17600733298 /* MQTabBarViewController.h */,
				188208151BFDA17600733298 /* MQTabBarViewController.m */,
			);
			path = Controller;
			sourceTree = "<group>";
		};
		188208161BFDA17600733298 /* View */ = {
			isa = PBXGroup;
			children = (
				188208171BFDA17600733298 /* MQTabBar.h */,
				188208181BFDA17600733298 /* MQTabBar.m */,
			);
			path = View;
			sourceTree = "<group>";
		};
		188208191BFDA17600733298 /* Me_我 */ = {
			isa = PBXGroup;
			children = (
				1882081A1BFDA17600733298 /* Controller */,
				1882081B1BFDA17600733298 /* Model */,
				1882081C1BFDA17600733298 /* View */,
			);
			path = "Me_我";
			sourceTree = "<group>";
		};
		1882081A1BFDA17600733298 /* Controller */ = {
			isa = PBXGroup;
			children = (
				188208701BFDA1A900733298 /* MQMeViewController.h */,
				188208711BFDA1A900733298 /* MQMeViewController.m */,
			);
			path = Controller;
			sourceTree = "<group>";
		};
		1882081B1BFDA17600733298 /* Model */ = {
			isa = PBXGroup;
			children = (
			);
			path = Model;
			sourceTree = "<group>";
		};
		1882081C1BFDA17600733298 /* View */ = {
			isa = PBXGroup;
			children = (
			);
			path = View;
			sourceTree = "<group>";
		};
		1882081D1BFDA17600733298 /* Other */ = {
			isa = PBXGroup;
			children = (
				1882081E1BFDA17600733298 /* AppDelegate.h */,
				1882081F1BFDA17600733298 /* AppDelegate.m */,
				188208201BFDA17600733298 /* Category */,
				188208231BFDA17600733298 /* MQHTTPTool.h */,
				188208241BFDA17600733298 /* MQHTTPTool.m */,
				188208251BFDA17600733298 /* PrefixHeader.pch */,
				188208261BFDA17600733298 /* View */,
				188208291BFDA17600733298 /* ViewController.h */,
				1882082A1BFDA17600733298 /* ViewController.m */,
			);
			path = Other;
			sourceTree = "<group>";
		};
		188208201BFDA17600733298 /* Category */ = {
			isa = PBXGroup;
			children = (
				188208211BFDA17600733298 /* UIBarButtonItem+MQExtension.h */,
				188208221BFDA17600733298 /* UIBarButtonItem+MQExtension.m */,
			);
			path = Category;
			sourceTree = "<group>";
		};
		188208261BFDA17600733298 /* View */ = {
			isa = PBXGroup;
			children = (
				188208271BFDA17600733298 /* UIView+MQExtension.h */,
				188208281BFDA17600733298 /* UIView+MQExtension.m */,
			);
			path = View;
			sourceTree = "<group>";
		};
		1882082B1BFDA17600733298 /* Test */ = {
			isa = PBXGroup;
			children = (
				1882082C1BFDA17600733298 /* Controller */,
				1882082D1BFDA17600733298 /* Model */,
				1882082E1BFDA17600733298 /* View */,
			);
			path = Test;
			sourceTree = "<group>";
		};
		1882082C1BFDA17600733298 /* Controller */ = {
			isa = PBXGroup;
			children = (
			);
			path = Controller;
			sourceTree = "<group>";
		};
		1882082D1BFDA17600733298 /* Model */ = {
			isa = PBXGroup;
			children = (
			);
			path = Model;
			sourceTree = "<group>";
		};
		1882082E1BFDA17600733298 /* View */ = {
			isa = PBXGroup;
			children = (
			);
			path = View;
			sourceTree = "<group>";
		};
		1882082F1BFDA17600733298 /* 关注 */ = {
			isa = PBXGroup;
			children = (
				188208301BFDA17600733298 /* Controller */,
				188208311BFDA17600733298 /* Model */,
				188208321BFDA17600733298 /* View */,
			);
			path = "关注";
			sourceTree = "<group>";
		};
		188208301BFDA17600733298 /* Controller */ = {
			isa = PBXGroup;
			children = (
			);
			path = Controller;
			sourceTree = "<group>";
		};
		188208311BFDA17600733298 /* Model */ = {
			isa = PBXGroup;
			children = (
			);
			path = Model;
			sourceTree = "<group>";
		};
		188208321BFDA17600733298 /* View */ = {
			isa = PBXGroup;
			children = (
			);
			path = View;
			sourceTree = "<group>";
		};
		188208331BFDA17600733298 /* 历史 */ = {
			isa = PBXGroup;
			children = (
				188208341BFDA17600733298 /* Controller */,
				188208351BFDA17600733298 /* Model */,
				188208361BFDA17600733298 /* View */,
			);
			path = "历史";
			sourceTree = "<group>";
		};
		188208341BFDA17600733298 /* Controller */ = {
			isa = PBXGroup;
			children = (
			);
			path = Controller;
			sourceTree = "<group>";
		};
		188208351BFDA17600733298 /* Model */ = {
			isa = PBXGroup;
			children = (
			);
			path = Model;
			sourceTree = "<group>";
		};
		188208361BFDA17600733298 /* View */ = {
			isa = PBXGroup;
			children = (
			);
			path = View;
			sourceTree = "<group>";
		};
		188208371BFDA17600733298 /* 发布 */ = {
			isa = PBXGroup;
			children = (
				188208381BFDA17600733298 /* Controller */,
			);
			path = "发布";
			sourceTree = "<group>";
		};
		188208381BFDA17600733298 /* Controller */ = {
			isa = PBXGroup;
			children = (
				188208391BFDA17600733298 /* MQPublishViewController.h */,
				1882083A1BFDA17600733298 /* MQPublishViewController.m */,
				1882083B1BFDA17600733298 /* MQPublishViewController.xib */,
			);
			path = Controller;
			sourceTree = "<group>";
		};
		1882083C1BFDA17600733298 /* 精华 */ = {
			isa = PBXGroup;
			children = (
				1882083D1BFDA17600733298 /* Controller */,
				188208471BFDA17600733298 /* Lib */,
			);
			path = "精华";
			sourceTree = "<group>";
		};
		1882083D1BFDA17600733298 /* Controller */ = {
			isa = PBXGroup;
			children = (
				1882083E1BFDA17600733298 /* 111.jpg */,
				1882083F1BFDA17600733298 /* h1.jpg */,
				188208401BFDA17600733298 /* h2.jpg */,
				188208411BFDA17600733298 /* h3.jpg */,
				188208421BFDA17600733298 /* h4.jpg */,
				188208431BFDA17600733298 /* MQEssenceViewController.h */,
				188208441BFDA17600733298 /* MQEssenceViewController.m */,
				188208451BFDA17600733298 /* MQTagViewController.h */,
				188208461BFDA17600733298 /* MQTagViewController.m */,
			);
			path = Controller;
			sourceTree = "<group>";
		};
		188208471BFDA17600733298 /* Lib */ = {
			isa = PBXGroup;
			children = (
				188208481BFDA17600733298 /* SDCycleScrollView */,
			);
			path = Lib;
			sourceTree = "<group>";
		};
		188208481BFDA17600733298 /* SDCycleScrollView */ = {
			isa = PBXGroup;
			children = (
				188208491BFDA17600733298 /* PageControl */,
				188208521BFDA17600733298 /* SDCollectionViewCell.h */,
				188208531BFDA17600733298 /* SDCollectionViewCell.m */,
				188208541BFDA17600733298 /* SDCycleScrollView.h */,
				188208551BFDA17600733298 /* SDCycleScrollView.m */,
				188208561BFDA17600733298 /* UIView+SDExtension.h */,
				188208571BFDA17600733298 /* UIView+SDExtension.m */,
			);
			path = SDCycleScrollView;
			sourceTree = "<group>";
		};
		188208491BFDA17600733298 /* PageControl */ = {
			isa = PBXGroup;
			children = (
				1882084A1BFDA17600733298 /* TAAbstractDotView.h */,
				1882084B1BFDA17600733298 /* TAAbstractDotView.m */,
				1882084C1BFDA17600733298 /* TAAnimatedDotView.h */,
				1882084D1BFDA17600733298 /* TAAnimatedDotView.m */,
				1882084E1BFDA17600733298 /* TADotView.h */,
				1882084F1BFDA17600733298 /* TADotView.m */,
				188208501BFDA17600733298 /* TAPageControl.h */,
				188208511BFDA17600733298 /* TAPageControl.m */,
			);
			path = PageControl;
			sourceTree = "<group>";
		};
		18BCD4791BFD7030005D1AB4 = {
			isa = PBXGroup;
			children = (
				18BCD4841BFD7030005D1AB4 /* BaiSi */,
				18BCD4A11BFD7030005D1AB4 /* BaiSiTests */,
				18BCD4AC1BFD7031005D1AB4 /* BaiSiUITests */,
				18BCD4831BFD7030005D1AB4 /* Products */,
				5D7FF035B870782597C45DF3 /* Pods */,
				62DD3B8EE814DC70B23A9952 /* Frameworks */,
			);
			sourceTree = "<group>";
		};
		18BCD4831BFD7030005D1AB4 /* Products */ = {
			isa = PBXGroup;
			children = (
				18BCD4821BFD7030005D1AB4 /* BaiSi.app */,
				18BCD49E1BFD7030005D1AB4 /* BaiSiTests.xctest */,
				18BCD4A91BFD7031005D1AB4 /* BaiSiUITests.xctest */,
			);
			name = Products;
			sourceTree = "<group>";
		};
		18BCD4841BFD7030005D1AB4 /* BaiSi */ = {
			isa = PBXGroup;
			children = (
				1882080F1BFDA17600733298 /* Classes */,
				18BCD48E1BFD7030005D1AB4 /* Main.storyboard */,
				18BCD4941BFD7030005D1AB4 /* Assets.xcassets */,
				18BCD4961BFD7030005D1AB4 /* LaunchScreen.storyboard */,
				18BCD4991BFD7030005D1AB4 /* Info.plist */,
				18BCD4911BFD7030005D1AB4 /* BaiSi.xcdatamodeld */,
				18BCD4851BFD7030005D1AB4 /* Supporting Files */,
			);
			path = BaiSi;
			sourceTree = "<group>";
		};
		18BCD4851BFD7030005D1AB4 /* Supporting Files */ = {
			isa = PBXGroup;
			children = (
				18BCD4861BFD7030005D1AB4 /* main.m */,
			);
			name = "Supporting Files";
			sourceTree = "<group>";
		};
		18BCD4A11BFD7030005D1AB4 /* BaiSiTests */ = {
			isa = PBXGroup;
			children = (
				18BCD4A21BFD7030005D1AB4 /* BaiSiTests.m */,
				18BCD4A41BFD7031005D1AB4 /* Info.plist */,
			);
			path = BaiSiTests;
			sourceTree = "<group>";
		};
		18BCD4AC1BFD7031005D1AB4 /* BaiSiUITests */ = {
			isa = PBXGroup;
			children = (
				18BCD4AD1BFD7031005D1AB4 /* BaiSiUITests.m */,
				18BCD4AF1BFD7031005D1AB4 /* Info.plist */,
			);
			path = BaiSiUITests;
			sourceTree = "<group>";
		};
		5D7FF035B870782597C45DF3 /* Pods */ = {
			isa = PBXGroup;
			children = (
				4523C73A19CE4ABF4CFAF2F9 /* Pods.debug.xcconfig */,
				5E64456CEDFFF009C33D860D /* Pods.release.xcconfig */,
			);
			name = Pods;
			sourceTree = "<group>";
		};
		62DD3B8EE814DC70B23A9952 /* Frameworks */ = {
			isa = PBXGroup;
			children = (
				6528FD53A6C3806C17BD08E4 /* libPods.a */,
			);
			name = Frameworks;
			sourceTree = "<group>";
		};
/* End PBXGroup section */

/* Begin PBXNativeTarget section */
		18BCD4811BFD7030005D1AB4 /* BaiSi */ = {
			isa = PBXNativeTarget;
			buildConfigurationList = 18BCD4B21BFD7031005D1AB4 /* Build configuration list for PBXNativeTarget "BaiSi" */;
			buildPhases = (
				FBA94D7C47F2EC94EA70EE7B /* Check Pods Manifest.lock */,
				18BCD47E1BFD7030005D1AB4 /* Sources */,
				18BCD47F1BFD7030005D1AB4 /* Frameworks */,
				18BCD4801BFD7030005D1AB4 /* Resources */,
				01E1118912E2A2646B497914 /* Embed Pods Frameworks */,
				C3C146020155DF4F5F3BF3D1 /* Copy Pods Resources */,
			);
			buildRules = (
			);
			dependencies = (
			);
			name = BaiSi;
			productName = BaiSi;
			productReference = 18BCD4821BFD7030005D1AB4 /* BaiSi.app */;
			productType = "com.apple.product-type.application";
		};
		18BCD49D1BFD7030005D1AB4 /* BaiSiTests */ = {
			isa = PBXNativeTarget;
			buildConfigurationList = 18BCD4B51BFD7031005D1AB4 /* Build configuration list for PBXNativeTarget "BaiSiTests" */;
			buildPhases = (
				18BCD49A1BFD7030005D1AB4 /* Sources */,
				18BCD49B1BFD7030005D1AB4 /* Frameworks */,
				18BCD49C1BFD7030005D1AB4 /* Resources */,
			);
			buildRules = (
			);
			dependencies = (
				18BCD4A01BFD7030005D1AB4 /* PBXTargetDependency */,
			);
			name = BaiSiTests;
			productName = BaiSiTests;
			productReference = 18BCD49E1BFD7030005D1AB4 /* BaiSiTests.xctest */;
			productType = "com.apple.product-type.bundle.unit-test";
		};
		18BCD4A81BFD7031005D1AB4 /* BaiSiUITests */ = {
			isa = PBXNativeTarget;
			buildConfigurationList = 18BCD4B81BFD7031005D1AB4 /* Build configuration list for PBXNativeTarget "BaiSiUITests" */;
			buildPhases = (
				18BCD4A51BFD7031005D1AB4 /* Sources */,
				18BCD4A61BFD7031005D1AB4 /* Frameworks */,
				18BCD4A71BFD7031005D1AB4 /* Resources */,
			);
			buildRules = (
			);
			dependencies = (
				18BCD4AB1BFD7031005D1AB4 /* PBXTargetDependency */,
			);
			name = BaiSiUITests;
			productName = BaiSiUITests;
			productReference = 18BCD4A91BFD7031005D1AB4 /* BaiSiUITests.xctest */;
			productType = "com.apple.product-type.bundle.ui-testing";
		};
/* End PBXNativeTarget section */

/* Begin PBXProject section */
		18BCD47A1BFD7030005D1AB4 /* Project object */ = {
			isa = PBXProject;
			attributes = {
				LastUpgradeCheck = 0710;
				ORGANIZATIONNAME = DuoDi;
				TargetAttributes = {
					18BCD4811BFD7030005D1AB4 = {
						CreatedOnToolsVersion = 7.1.1;
						DevelopmentTeam = PR55F6S79H;
					};
					18BCD49D1BFD7030005D1AB4 = {
						CreatedOnToolsVersion = 7.1.1;
						DevelopmentTeam = PR55F6S79H;
						TestTargetID = 18BCD4811BFD7030005D1AB4;
					};
					18BCD4A81BFD7031005D1AB4 = {
						CreatedOnToolsVersion = 7.1.1;
						DevelopmentTeam = PR55F6S79H;
						TestTargetID = 18BCD4811BFD7030005D1AB4;
					};
				};
			};
			buildConfigurationList = 18BCD47D1BFD7030005D1AB4 /* Build configuration list for PBXProject "BaiSi" */;
			compatibilityVersion = "Xcode 3.2";
			developmentRegion = English;
			hasScannedForEncodings = 0;
			knownRegions = (
				en,
				Base,
			);
			mainGroup = 18BCD4791BFD7030005D1AB4;
			productRefGroup = 18BCD4831BFD7030005D1AB4 /* Products */;
			projectDirPath = "";
			projectRoot = "";
			targets = (
				18BCD4811BFD7030005D1AB4 /* BaiSi */,
				18BCD49D1BFD7030005D1AB4 /* BaiSiTests */,
				18BCD4A81BFD7031005D1AB4 /* BaiSiUITests */,
			);
		};
/* End PBXProject section */

/* Begin PBXResourcesBuildPhase section */
		18BCD4801BFD7030005D1AB4 /* Resources */ = {
			isa = PBXResourcesBuildPhase;
			buildActionMask = 2147483647;
			files = (
				188208651BFDA17600733298 /* h3.jpg in Resources */,
				188208641BFDA17600733298 /* h2.jpg in Resources */,
				18BCD4981BFD7030005D1AB4 /* LaunchScreen.storyboard in Resources */,
				18BCD4951BFD7030005D1AB4 /* Assets.xcassets in Resources */,
				188208621BFDA17600733298 /* 111.jpg in Resources */,
				188208661BFDA17600733298 /* h4.jpg in Resources */,
				188208611BFDA17600733298 /* MQPublishViewController.xib in Resources */,
				188208631BFDA17600733298 /* h1.jpg in Resources */,
				18BCD4901BFD7030005D1AB4 /* Main.storyboard in Resources */,
			);
			runOnlyForDeploymentPostprocessing = 0;
		};
		18BCD49C1BFD7030005D1AB4 /* Resources */ = {
			isa = PBXResourcesBuildPhase;
			buildActionMask = 2147483647;
			files = (
			);
			runOnlyForDeploymentPostprocessing = 0;
		};
		18BCD4A71BFD7031005D1AB4 /* Resources */ = {
			isa = PBXResourcesBuildPhase;
			buildActionMask = 2147483647;
			files = (
			);
			runOnlyForDeploymentPostprocessing = 0;
		};
/* End PBXResourcesBuildPhase section */

/* Begin PBXShellScriptBuildPhase section */
		01E1118912E2A2646B497914 /* Embed Pods Frameworks */ = {
			isa = PBXShellScriptBuildPhase;
			buildActionMask = 2147483647;
			files = (
			);
			inputPaths = (
			);
			name = "Embed Pods Frameworks";
			outputPaths = (
			);
			runOnlyForDeploymentPostprocessing = 0;
			shellPath = /bin/sh;
			shellScript = "\"${SRCROOT}/Pods/Target Support Files/Pods/Pods-frameworks.sh\"\n";
			showEnvVarsInLog = 0;
		};
		C3C146020155DF4F5F3BF3D1 /* Copy Pods Resources */ = {
			isa = PBXShellScriptBuildPhase;
			buildActionMask = 2147483647;
			files = (
			);
			inputPaths = (
			);
			name = "Copy Pods Resources";
			outputPaths = (
			);
			runOnlyForDeploymentPostprocessing = 0;
			shellPath = /bin/sh;
			shellScript = "\"${SRCROOT}/Pods/Target Support Files/Pods/Pods-resources.sh\"\n";
			showEnvVarsInLog = 0;
		};
		FBA94D7C47F2EC94EA70EE7B /* Check Pods Manifest.lock */ = {
			isa = PBXShellScriptBuildPhase;
			buildActionMask = 2147483647;
			files = (
			);
			inputPaths = (
			);
			name = "Check Pods Manifest.lock";
			outputPaths = (
			);
			runOnlyForDeploymentPostprocessing = 0;
			shellPath = /bin/sh;
			shellScript = "diff \"${PODS_ROOT}/../Podfile.lock\" \"${PODS_ROOT}/Manifest.lock\" > /dev/null\nif [[ $? != 0 ]] ; then\n    cat << EOM\nerror: The sandbox is not in sync with the Podfile.lock. Run 'pod install' or update your CocoaPods installation.\nEOM\n    exit 1\nfi\n";
			showEnvVarsInLog = 0;
		};
/* End PBXShellScriptBuildPhase section */

/* Begin PBXSourcesBuildPhase section */
		18BCD47E1BFD7030005D1AB4 /* Sources */ = {
			isa = PBXSourcesBuildPhase;
			buildActionMask = 2147483647;
			files = (
				1882085E1BFDA17600733298 /* UIView+MQExtension.m in Sources */,
				1882085D1BFDA17600733298 /* MQHTTPTool.m in Sources */,
				188208721BFDA1A900733298 /* MQMeViewController.m in Sources */,
				1882086C1BFDA17600733298 /* TAPageControl.m in Sources */,
				188208681BFDA17600733298 /* MQTagViewController.m in Sources */,
				1882086B1BFDA17600733298 /* TADotView.m in Sources */,
				188208601BFDA17600733298 /* MQPublishViewController.m in Sources */,
				1882085F1BFDA17600733298 /* ViewController.m in Sources */,
				188208591BFDA17600733298 /* MQTabBarViewController.m in Sources */,
				188208581BFDA17600733298 /* MQNavigationController.m in Sources */,
				1882085C1BFDA17600733298 /* UIBarButtonItem+MQExtension.m in Sources */,
				1882085A1BFDA17600733298 /* MQTabBar.m in Sources */,
				188208691BFDA17600733298 /* TAAbstractDotView.m in Sources */,
				1882085B1BFDA17600733298 /* AppDelegate.m in Sources */,
				18BCD4931BFD7030005D1AB4 /* BaiSi.xcdatamodeld in Sources */,
				18BCD4871BFD7030005D1AB4 /* main.m in Sources */,
				1882086E1BFDA17600733298 /* SDCycleScrollView.m in Sources */,
				188208671BFDA17600733298 /* MQEssenceViewController.m in Sources */,
				1882086A1BFDA17600733298 /* TAAnimatedDotView.m in Sources */,
				1882086D1BFDA17600733298 /* SDCollectionViewCell.m in Sources */,
				1882086F1BFDA17600733298 /* UIView+SDExtension.m in Sources */,
			);
			runOnlyForDeploymentPostprocessing = 0;
		};
		18BCD49A1BFD7030005D1AB4 /* Sources */ = {
			isa = PBXSourcesBuildPhase;
			buildActionMask = 2147483647;
			files = (
				18BCD4A31BFD7030005D1AB4 /* BaiSiTests.m in Sources */,
			);
			runOnlyForDeploymentPostprocessing = 0;
		};
		18BCD4A51BFD7031005D1AB4 /* Sources */ = {
			isa = PBXSourcesBuildPhase;
			buildActionMask = 2147483647;
			files = (
				18BCD4AE1BFD7031005D1AB4 /* BaiSiUITests.m in Sources */,
			);
			runOnlyForDeploymentPostprocessing = 0;
		};
/* End PBXSourcesBuildPhase section */

/* Begin PBXTargetDependency section */
		18BCD4A01BFD7030005D1AB4 /* PBXTargetDependency */ = {
			isa = PBXTargetDependency;
			target = 18BCD4811BFD7030005D1AB4 /* BaiSi */;
			targetProxy = 18BCD49F1BFD7030005D1AB4 /* PBXContainerItemProxy */;
		};
		18BCD4AB1BFD7031005D1AB4 /* PBXTargetDependency */ = {
			isa = PBXTargetDependency;
			target = 18BCD4811BFD7030005D1AB4 /* BaiSi */;
			targetProxy = 18BCD4AA1BFD7031005D1AB4 /* PBXContainerItemProxy */;
		};
/* End PBXTargetDependency section */

/* Begin PBXVariantGroup section */
		18BCD48E1BFD7030005D1AB4 /* Main.storyboard */ = {
			isa = PBXVariantGroup;
			children = (
				18BCD48F1BFD7030005D1AB4 /* Base */,
			);
			name = Main.storyboard;
			sourceTree = "<group>";
		};
		18BCD4961BFD7030005D1AB4 /* LaunchScreen.storyboard */ = {
			isa = PBXVariantGroup;
			children = (
				18BCD4971BFD7030005D1AB4 /* Base */,
			);
			name = LaunchScreen.storyboard;
			sourceTree = "<group>";
		};
/* End PBXVariantGroup section */

/* Begin XCBuildConfiguration section */
		18BCD4B01BFD7031005D1AB4 /* Debug */ = {
			isa = XCBuildConfiguration;
			buildSettings = {
				ALWAYS_SEARCH_USER_PATHS = NO;
				CLANG_CXX_LANGUAGE_STANDARD = "gnu++0x";
				CLANG_CXX_LIBRARY = "libc++";
				CLANG_ENABLE_MODULES = YES;
				CLANG_ENABLE_OBJC_ARC = YES;
				CLANG_WARN_BOOL_CONVERSION = YES;
				CLANG_WARN_CONSTANT_CONVERSION = YES;
				CLANG_WARN_DIRECT_OBJC_ISA_USAGE = YES_ERROR;
				CLANG_WARN_EMPTY_BODY = YES;
				CLANG_WARN_ENUM_CONVERSION = YES;
				CLANG_WARN_INT_CONVERSION = YES;
				CLANG_WARN_OBJC_ROOT_CLASS = YES_ERROR;
				CLANG_WARN_UNREACHABLE_CODE = YES;
				CLANG_WARN__DUPLICATE_METHOD_MATCH = YES;
				"CODE_SIGN_IDENTITY[sdk=iphoneos*]" = "iPhone Developer";
				COPY_PHASE_STRIP = NO;
				DEBUG_INFORMATION_FORMAT = dwarf;
				ENABLE_STRICT_OBJC_MSGSEND = YES;
				ENABLE_TESTABILITY = YES;
				GCC_C_LANGUAGE_STANDARD = gnu99;
				GCC_DYNAMIC_NO_PIC = NO;
				GCC_NO_COMMON_BLOCKS = YES;
				GCC_OPTIMIZATION_LEVEL = 0;
				GCC_PREPROCESSOR_DEFINITIONS = (
					"DEBUG=1",
					"$(inherited)",
				);
				GCC_WARN_64_TO_32_BIT_CONVERSION = YES;
				GCC_WARN_ABOUT_RETURN_TYPE = YES_ERROR;
				GCC_WARN_UNDECLARED_SELECTOR = YES;
				GCC_WARN_UNINITIALIZED_AUTOS = YES_AGGRESSIVE;
				GCC_WARN_UNUSED_FUNCTION = YES;
				GCC_WARN_UNUSED_VARIABLE = YES;
				IPHONEOS_DEPLOYMENT_TARGET = 9.1;
				MTL_ENABLE_DEBUG_INFO = YES;
				ONLY_ACTIVE_ARCH = YES;
				SDKROOT = iphoneos;
			};
			name = Debug;
		};
		18BCD4B11BFD7031005D1AB4 /* Release */ = {
			isa = XCBuildConfiguration;
			buildSettings = {
				ALWAYS_SEARCH_USER_PATHS = NO;
				CLANG_CXX_LANGUAGE_STANDARD = "gnu++0x";
				CLANG_CXX_LIBRARY = "libc++";
				CLANG_ENABLE_MODULES = YES;
				CLANG_ENABLE_OBJC_ARC = YES;
				CLANG_WARN_BOOL_CONVERSION = YES;
				CLANG_WARN_CONSTANT_CONVERSION = YES;
				CLANG_WARN_DIRECT_OBJC_ISA_USAGE = YES_ERROR;
				CLANG_WARN_EMPTY_BODY = YES;
				CLANG_WARN_ENUM_CONVERSION = YES;
				CLANG_WARN_INT_CONVERSION = YES;
				CLANG_WARN_OBJC_ROOT_CLASS = YES_ERROR;
				CLANG_WARN_UNREACHABLE_CODE = YES;
				CLANG_WARN__DUPLICATE_METHOD_MATCH = YES;
				"CODE_SIGN_IDENTITY[sdk=iphoneos*]" = "iPhone Developer";
				COPY_PHASE_STRIP = NO;
				DEBUG_INFORMATION_FORMAT = "dwarf-with-dsym";
				ENABLE_NS_ASSERTIONS = NO;
				ENABLE_STRICT_OBJC_MSGSEND = YES;
				GCC_C_LANGUAGE_STANDARD = gnu99;
				GCC_NO_COMMON_BLOCKS = YES;
				GCC_WARN_64_TO_32_BIT_CONVERSION = YES;
				GCC_WARN_ABOUT_RETURN_TYPE = YES_ERROR;
				GCC_WARN_UNDECLARED_SELECTOR = YES;
				GCC_WARN_UNINITIALIZED_AUTOS = YES_AGGRESSIVE;
				GCC_WARN_UNUSED_FUNCTION = YES;
				GCC_WARN_UNUSED_VARIABLE = YES;
				IPHONEOS_DEPLOYMENT_TARGET = 9.1;
				MTL_ENABLE_DEBUG_INFO = NO;
				SDKROOT = iphoneos;
				VALIDATE_PRODUCT = YES;
			};
			name = Release;
		};
		18BCD4B31BFD7031005D1AB4 /* Debug */ = {
			isa = XCBuildConfiguration;
			baseConfigurationReference = 4523C73A19CE4ABF4CFAF2F9 /* Pods.debug.xcconfig */;
			buildSettings = {
				ASSETCATALOG_COMPILER_APPICON_NAME = AppIcon;
				ASSETCATALOG_COMPILER_LAUNCHIMAGE_NAME = "Brand Assets";
				GCC_PREFIX_HEADER = BaiSi/Classes/Other/PrefixHeader.pch;
				INFOPLIST_FILE = BaiSi/Info.plist;
				LD_RUNPATH_SEARCH_PATHS = "$(inherited) @executable_path/Frameworks";
				PRODUCT_BUNDLE_IDENTIFIER = com.DuoDi.BaiSi;
				PRODUCT_NAME = "$(TARGET_NAME)";
			};
			name = Debug;
		};
		18BCD4B41BFD7031005D1AB4 /* Release */ = {
			isa = XCBuildConfiguration;
			baseConfigurationReference = 5E64456CEDFFF009C33D860D /* Pods.release.xcconfig */;
			buildSettings = {
				ASSETCATALOG_COMPILER_APPICON_NAME = AppIcon;
				ASSETCATALOG_COMPILER_LAUNCHIMAGE_NAME = "Brand Assets";
				GCC_PREFIX_HEADER = BaiSi/Classes/Other/PrefixHeader.pch;
				INFOPLIST_FILE = BaiSi/Info.plist;
				LD_RUNPATH_SEARCH_PATHS = "$(inherited) @executable_path/Frameworks";
				PRODUCT_BUNDLE_IDENTIFIER = com.DuoDi.BaiSi;
				PRODUCT_NAME = "$(TARGET_NAME)";
			};
			name = Release;
		};
		18BCD4B61BFD7031005D1AB4 /* Debug */ = {
			isa = XCBuildConfiguration;
			buildSettings = {
				BUNDLE_LOADER = "$(TEST_HOST)";
				INFOPLIST_FILE = BaiSiTests/Info.plist;
				LD_RUNPATH_SEARCH_PATHS = "$(inherited) @executable_path/Frameworks @loader_path/Frameworks";
				PRODUCT_BUNDLE_IDENTIFIER = com.DuoDi.BaiSiTests;
				PRODUCT_NAME = "$(TARGET_NAME)";
				TEST_HOST = "$(BUILT_PRODUCTS_DIR)/BaiSi.app/BaiSi";
			};
			name = Debug;
		};
		18BCD4B71BFD7031005D1AB4 /* Release */ = {
			isa = XCBuildConfiguration;
			buildSettings = {
				BUNDLE_LOADER = "$(TEST_HOST)";
				INFOPLIST_FILE = BaiSiTests/Info.plist;
				LD_RUNPATH_SEARCH_PATHS = "$(inherited) @executable_path/Frameworks @loader_path/Frameworks";
				PRODUCT_BUNDLE_IDENTIFIER = com.DuoDi.BaiSiTests;
				PRODUCT_NAME = "$(TARGET_NAME)";
				TEST_HOST = "$(BUILT_PRODUCTS_DIR)/BaiSi.app/BaiSi";
			};
			name = Release;
		};
		18BCD4B91BFD7031005D1AB4 /* Debug */ = {
			isa = XCBuildConfiguration;
			buildSettings = {
				INFOPLIST_FILE = BaiSiUITests/Info.plist;
				LD_RUNPATH_SEARCH_PATHS = "$(inherited) @executable_path/Frameworks @loader_path/Frameworks";
				PRODUCT_BUNDLE_IDENTIFIER = com.DuoDi.BaiSiUITests;
				PRODUCT_NAME = "$(TARGET_NAME)";
				TEST_TARGET_NAME = BaiSi;
				USES_XCTRUNNER = YES;
			};
			name = Debug;
		};
		18BCD4BA1BFD7031005D1AB4 /* Release */ = {
			isa = XCBuildConfiguration;
			buildSettings = {
				INFOPLIST_FILE = BaiSiUITests/Info.plist;
				LD_RUNPATH_SEARCH_PATHS = "$(inherited) @executable_path/Frameworks @loader_path/Frameworks";
				PRODUCT_BUNDLE_IDENTIFIER = com.DuoDi.BaiSiUITests;
				PRODUCT_NAME = "$(TARGET_NAME)";
				TEST_TARGET_NAME = BaiSi;
				USES_XCTRUNNER = YES;
			};
			name = Release;
		};
/* End XCBuildConfiguration section */

/* Begin XCConfigurationList section */
		18BCD47D1BFD7030005D1AB4 /* Build configuration list for PBXProject "BaiSi" */ = {
			isa = XCConfigurationList;
			buildConfigurations = (
				18BCD4B01BFD7031005D1AB4 /* Debug */,
				18BCD4B11BFD7031005D1AB4 /* Release */,
			);
			defaultConfigurationIsVisible = 0;
			defaultConfigurationName = Release;
		};
		18BCD4B21BFD7031005D1AB4 /* Build configuration list for PBXNativeTarget "BaiSi" */ = {
			isa = XCConfigurationList;
			buildConfigurations = (
				18BCD4B31BFD7031005D1AB4 /* Debug */,
				18BCD4B41BFD7031005D1AB4 /* Release */,
			);
			defaultConfigurationIsVisible = 0;
			defaultConfigurationName = Release;
		};
		18BCD4B51BFD7031005D1AB4 /* Build configuration list for PBXNativeTarget "BaiSiTests" */ = {
			isa = XCConfigurationList;
			buildConfigurations = (
				18BCD4B61BFD7031005D1AB4 /* Debug */,
				18BCD4B71BFD7031005D1AB4 /* Release */,
			);
			defaultConfigurationIsVisible = 0;
			defaultConfigurationName = Release;
		};
		18BCD4B81BFD7031005D1AB4 /* Build configuration list for PBXNativeTarget "BaiSiUITests" */ = {
			isa = XCConfigurationList;
			buildConfigurations = (
				18BCD4B91BFD7031005D1AB4 /* Debug */,
				18BCD4BA1BFD7031005D1AB4 /* Release */,
			);
			defaultConfigurationIsVisible = 0;
			defaultConfigurationName = Release;
		};
/* End XCConfigurationList section */

/* Begin XCVersionGroup section */
		18BCD4911BFD7030005D1AB4 /* BaiSi.xcdatamodeld */ = {
			isa = XCVersionGroup;
			children = (
				18BCD4921BFD7030005D1AB4 /* BaiSi.xcdatamodel */,
			);
			currentVersion = 18BCD4921BFD7030005D1AB4 /* BaiSi.xcdatamodel */;
			path = BaiSi.xcdatamodeld;
			sourceTree = "<group>";
			versionGroupType = wrapper.xcdatamodel;
		};
/* End XCVersionGroup section */
	};
	rootObject = 18BCD47A1BFD7030005D1AB4 /* Project object */;
}
